
Microsoft Visual Studio Solution File, Format Version 12.00
# Visual Studio Express 2012 for Windows Desktop
Project("{FAE04EC0-301F-11D3-BF4B-00C04F79EFBC}") = "MSF576_HelloWorld", "MSF576_HelloWorld\MSF576_HelloWorld.csproj", "{E9B04711-214A-4F31-86CD-5EB1968D8058}"
EndProject
Global
	GlobalSection(SolutionConfigurationPlatforms) = preSolution
		Debug|Any CPU = Debug|Any CPU
		Release|Any CPU = Release|Any CPU
	EndGlobalSection
	GlobalSection(ProjectConfigurationPlatforms) = postSolution
		{E9B04711-214A-4F31-86CD-5EB1968D8058}.Debug|Any CPU.ActiveCfg = Debug|Any CPU
		{E9B04711-214A-4F31-86CD-5EB1968D8058}.Debug|Any CPU.Build.0 = Debug|Any CPU
		{E9B04711-214A-4F31-86CD-5EB1968D8058}.Release|Any CPU.ActiveCfg = Release|Any CPU
		{E9B04711-214A-4F31-86CD-5EB1968D8058}.Release|Any CPU.Build.0 = Release|Any CPU
	EndGlobalSection
	GlobalSection(SolutionProperties) = preSolution
		HideSolutionNode = FALSE
	EndGlobalSection
EndGlobal
